dependencies:
- name: thanos
  repository: https://charts.bitnami.com/bitnami
  version: 11.1.3
- name: kube-prometheus
  repository: https://charts.bitnami.com/bitnami
  version: 8.1.5
- name: minio
  repository: https://charts.bitnami.com/bitnami
  version: 11.9.4
digest: sha256:2fbe53103ec08b242f7d69096ad3e23250048b8d96861f27751ef8b38c02c3bc
generated: "2022-09-05T11:16:27.8018621+01:00"
